
Microsoft Visual Studio Solution File, Format Version 12.00
# Visual Studio Version 16
VisualStudioVersion = 16.0.31911.196
MinimumVisualStudioVersion = 10.0.40219.1
Project("{9A19103F-16F7-4668-BE54-9A1E7A4F7556}") = "StringCalculator", "StringCalculator\StringCalculator.csproj", "{8BC5E9AD-96A1-47FD-9FDC-22C2A4236833}"
EndProject
Project("{9A19103F-16F7-4668-BE54-9A1E7A4F7556}") = "StringCalculator.Tests", "StringCalculator.Tests\StringCalculator.Tests.csproj", "{0363057A-2C49-43A5-8678-57C617E13249}"
EndProject
Global
	GlobalSection(SolutionConfigurationPlatforms) = preSolution
		Debug|Any CPU = Debug|Any CPU
		Release|Any CPU = Release|Any CPU
	EndGlobalSection
	GlobalSection(ProjectConfigurationPlatforms) = postSolution
		{8BC5E9AD-96A1-47FD-9FDC-22C2A4236833}.Debug|Any CPU.ActiveCfg = Debug|Any CPU
		{8BC5E9AD-96A1-47FD-9FDC-22C2A4236833}.Debug|Any CPU.Build.0 = Debug|Any CPU
		{8BC5E9AD-96A1-47FD-9FDC-22C2A4236833}.Release|Any CPU.ActiveCfg = Release|Any CPU
		{8BC5E9AD-96A1-47FD-9FDC-22C2A4236833}.Release|Any CPU.Build.0 = Release|Any CPU
		{0363057A-2C49-43A5-8678-57C617E13249}.Debug|Any CPU.ActiveCfg = Debug|Any CPU
		{0363057A-2C49-43A5-8678-57C617E13249}.Debug|Any CPU.Build.0 = Debug|Any CPU
		{0363057A-2C49-43A5-8678-57C617E13249}.Release|Any CPU.ActiveCfg = Release|Any CPU
		{0363057A-2C49-43A5-8678-57C617E13249}.Release|Any CPU.Build.0 = Release|Any CPU
	EndGlobalSection
	GlobalSection(SolutionProperties) = preSolution
		HideSolutionNode = FALSE
	EndGlobalSection
	GlobalSection(ExtensibilityGlobals) = postSolution
		SolutionGuid = {E354BF8A-8804-4B79-BC30-2DBC04AF4C17}
	EndGlobalSection
EndGlobal
